
Microsoft Visual Studio Solution File, Format Version 12.00
# Visual Studio 2013
VisualStudioVersion = 12.0.21005.1
MinimumVisualStudioVersion = 10.0.40219.1
Project("{8BC9CEB8-8B4A-11D0-8D11-00A0C91BC942}") = "Practica2", "Practica2\Practica2.vcxproj", "{D55D5026-7D02-494A-BA36-16CDF69F8453}"
EndProject
Project("{8BC9CEB8-8B4A-11D0-8D11-00A0C91BC942}") = "UnitTest", "UnitTest\UnitTest.vcxproj", "{DF992F37-E8F2-4C13-9E32-045040CD67EC}"
EndProject
Global
	GlobalSection(SolutionConfigurationPlatforms) = preSolution
		Debug|Win32 = Debug|Win32
		Release|Win32 = Release|Win32
	EndGlobalSection
	GlobalSection(ProjectConfigurationPlatforms) = postSolution
		{D55D5026-7D02-494A-BA36-16CDF69F8453}.Debug|Win32.ActiveCfg = Debug|Win32
		{D55D5026-7D02-494A-BA36-16CDF69F8453}.Debug|Win32.Build.0 = Debug|Win32
		{D55D5026-7D02-494A-BA36-16CDF69F8453}.Release|Win32.ActiveCfg = Release|Win32
		{D55D5026-7D02-494A-BA36-16CDF69F8453}.Release|Win32.Build.0 = Release|Win32
		{DF992F37-E8F2-4C13-9E32-045040CD67EC}.Debug|Win32.ActiveCfg = Debug|Win32
		{DF992F37-E8F2-4C13-9E32-045040CD67EC}.Debug|Win32.Build.0 = Debug|Win32
		{DF992F37-E8F2-4C13-9E32-045040CD67EC}.Release|Win32.ActiveCfg = Release|Win32
		{DF992F37-E8F2-4C13-9E32-045040CD67EC}.Release|Win32.Build.0 = Release|Win32
	EndGlobalSection
	GlobalSection(SolutionProperties) = preSolution
		HideSolutionNode = FALSE
	EndGlobalSection
EndGlobal
